// !$*UTF8*$!
{
	archiveVersion = 1;
	classes = {
	};
	objectVersion = 77;
	objects = {

/* Begin PBXBuildFile section */
		BF0E809B2CD13C15007DD7BE /* Share Extension.appex in Embed Foundation Extensions */ = {isa = PBXBuildFile; fileRef = BF0E80912CD13C15007DD7BE /* Share Extension.appex */; settings = {ATTRIBUTES = (RemoveHeadersOnCopy, ); }; };
/* End PBXBuildFile section */

/* Begin PBXContainerItemProxy section */
		BF0E80712CD134D4007DD7BE /* PBXContainerItemProxy */ = {
			isa = PBXContainerItemProxy;
			containerPortal = BF0E80562CD134D3007DD7BE /* Project object */;
			proxyType = 1;
			remoteGlobalIDString = BF0E805D2CD134D3007DD7BE;
			remoteInfo = "PlanA Trip";
		};
		BF0E807B2CD134D4007DD7BE /* PBXContainerItemProxy */ = {
			isa = PBXContainerItemProxy;
			containerPortal = BF0E80562CD134D3007DD7BE /* Project object */;
			proxyType = 1;
			remoteGlobalIDString = BF0E805D2CD134D3007DD7BE;
			remoteInfo = "PlanA Trip";
		};
		BF0E80992CD13C15007DD7BE /* PBXContainerItemProxy */ = {
			isa = PBXContainerItemProxy;
			containerPortal = BF0E80562CD134D3007DD7BE /* Project object */;
			proxyType = 1;
			remoteGlobalIDString = BF0E80902CD13C15007DD7BE;
			remoteInfo = "Share Extension";
		};
/* End PBXContainerItemProxy section */

/* Begin PBXCopyFilesBuildPhase section */
		BF0E80A02CD13C15007DD7BE /* Embed Foundation Extensions */ = {
			isa = PBXCopyFilesBuildPhase;
			buildActionMask = 2147483647;
			dstPath = "";
			dstSubfolderSpec = 13;
			files = (
				BF0E809B2CD13C15007DD7BE /* Share Extension.appex in Embed Foundation Extensions */,
			);
			name = "Embed Foundation Extensions";
			runOnlyForDeploymentPostprocessing = 0;
		};
/* End PBXCopyFilesBuildPhase section */

/* Begin PBXFileReference section */
		BF0E805E2CD134D3007DD7BE /* PlanA Trip.app */ = {isa = PBXFileReference; explicitFileType = wrapper.application; includeInIndex = 0; path = "PlanA Trip.app"; sourceTree = BUILT_PRODUCTS_DIR; };
		BF0E80702CD134D4007DD7BE /* PlanA TripTests.xctest */ = {isa = PBXFileReference; explicitFileType = wrapper.cfbundle; includeInIndex = 0; path = "PlanA TripTests.xctest"; sourceTree = BUILT_PRODUCTS_DIR; };
		BF0E807A2CD134D4007DD7BE /* PlanA TripUITests.xctest */ = {isa = PBXFileReference; explicitFileType = wrapper.cfbundle; includeInIndex = 0; path = "PlanA TripUITests.xctest"; sourceTree = BUILT_PRODUCTS_DIR; };
		BF0E80912CD13C15007DD7BE /* Share Extension.appex */ = {isa = PBXFileReference; explicitFileType = "wrapper.app-extension"; includeInIndex = 0; path = "Share Extension.appex"; sourceTree = BUILT_PRODUCTS_DIR; };
/* End PBXFileReference section */

/* Begin PBXFileSystemSynchronizedBuildFileExceptionSet section */
		BF0E809C2CD13C15007DD7BE /* Exceptions for "Share Extension" folder in "Share Extension" target */ = {
			isa = PBXFileSystemSynchronizedBuildFileExceptionSet;
			membershipExceptions = (
				Info.plist,
			);
			target = BF0E80902CD13C15007DD7BE /* Share Extension */;
		};
		BF1EAE6A2D92FD4600930EBE /* Exceptions for "PlanA Trip" folder in "Share Extension" target */ = {
			isa = PBXFileSystemSynchronizedBuildFileExceptionSet;
			membershipExceptions = (
				Assets.xcassets,
			);
			target = BF0E80902CD13C15007DD7BE /* Share Extension */;
		};
/* End PBXFileSystemSynchronizedBuildFileExceptionSet section */

/* Begin PBXFileSystemSynchronizedRootGroup section */
		BF0E80602CD134D3007DD7BE /* PlanA Trip */ = {
			isa = PBXFileSystemSynchronizedRootGroup;
			exceptions = (
				BF1EAE6A2D92FD4600930EBE /* Exceptions for "PlanA Trip" folder in "Share Extension" target */,
			);
			path = "PlanA Trip";
			sourceTree = "<group>";
		};
		BF0E80732CD134D4007DD7BE /* PlanA TripTests */ = {
			isa = PBXFileSystemSynchronizedRootGroup;
			path = "PlanA TripTests";
			sourceTree = "<group>";
		};
		BF0E807D2CD134D4007DD7BE /* PlanA TripUITests */ = {
			isa = PBXFileSystemSynchronizedRootGroup;
			path = "PlanA TripUITests";
			sourceTree = "<group>";
		};
		BF0E80922CD13C15007DD7BE /* Share Extension */ = {
			isa = PBXFileSystemSynchronizedRootGroup;
			exceptions = (
				BF0E809C2CD13C15007DD7BE /* Exceptions for "Share Extension" folder in "Share Extension" target */,
			);
			path = "Share Extension";
			sourceTree = "<group>";
		};
/* End PBXFileSystemSynchronizedRootGroup section */

/* Begin PBXFrameworksBuildPhase section */
		BF0E805B2CD134D3007DD7BE /* Frameworks */ = {
			isa = PBXFrameworksBuildPhase;
			buildActionMask = 2147483647;
			files = (
			);
			runOnlyForDeploymentPostprocessing = 0;
		};
		BF0E806D2CD134D4007DD7BE /* Frameworks */ = {
			isa = PBXFrameworksBuildPhase;
			buildActionMask = 2147483647;
			files = (
			);
			runOnlyForDeploymentPostprocessing = 0;
		};
		BF0E80772CD134D4007DD7BE /* Frameworks */ = {
			isa = PBXFrameworksBuildPhase;
			buildActionMask = 2147483647;
			files = (
			);
			runOnlyForDeploymentPostprocessing = 0;
		};
		BF0E808E2CD13C15007DD7BE /* Frameworks */ = {
			isa = PBXFrameworksBuildPhase;
			buildActionMask = 2147483647;
			files = (
			);
			runOnlyForDeploymentPostprocessing = 0;
		};
/* End PBXFrameworksBuildPhase section */

/* Begin PBXGroup section */
		BF0E80552CD134D3007DD7BE = {
			isa = PBXGroup;
			children = (
				BF0E80602CD134D3007DD7BE /* PlanA Trip */,
				BF0E80732CD134D4007DD7BE /* PlanA TripTests */,
				BF0E807D2CD134D4007DD7BE /* PlanA TripUITests */,
				BF0E80922CD13C15007DD7BE /* Share Extension */,
				BF0E805F2CD134D3007DD7BE /* Products */,
			);
			sourceTree = "<group>";
		};
		BF0E805F2CD134D3007DD7BE /* Products */ = {
			isa = PBXGroup;
			children = (
				BF0E805E2CD134D3007DD7BE /* PlanA Trip.app */,
				BF0E80702CD134D4007DD7BE /* PlanA TripTests.xctest */,
				BF0E807A2CD134D4007DD7BE /* PlanA TripUITests.xctest */,
				BF0E80912CD13C15007DD7BE /* Share Extension.appex */,
			);
			name = Products;
			sourceTree = "<group>";
		};
/* End PBXGroup section */

/* Begin PBXNativeTarget section */
		BF0E805D2CD134D3007DD7BE /* PlanA Trip */ = {
			isa = PBXNativeTarget;
			buildConfigurationList = BF0E80842CD134D4007DD7BE /* Build configuration list for PBXNativeTarget "PlanA Trip" */;
			buildPhases = (
				BF0E805A2CD134D3007DD7BE /* Sources */,
				BF0E805B2CD134D3007DD7BE /* Frameworks */,
				BF0E805C2CD134D3007DD7BE /* Resources */,
				BF0E80A02CD13C15007DD7BE /* Embed Foundation Extensions */,
			);
			buildRules = (
			);
			dependencies = (
				BF0E809A2CD13C15007DD7BE /* PBXTargetDependency */,
			);
			fileSystemSynchronizedGroups = (
				BF0E80602CD134D3007DD7BE /* PlanA Trip */,
			);
			name = "PlanA Trip";
			packageProductDependencies = (
			);
			productName = "PlanA Trip";
			productReference = BF0E805E2CD134D3007DD7BE /* PlanA Trip.app */;
			productType = "com.apple.product-type.application";
		};
		BF0E806F2CD134D4007DD7BE /* PlanA TripTests */ = {
			isa = PBXNativeTarget;
			buildConfigurationList = BF0E80872CD134D4007DD7BE /* Build configuration list for PBXNativeTarget "PlanA TripTests" */;
			buildPhases = (
				BF0E806C2CD134D4007DD7BE /* Sources */,
				BF0E806D2CD134D4007DD7BE /* Frameworks */,
				BF0E806E2CD134D4007DD7BE /* Resources */,
			);
			buildRules = (
			);
			dependencies = (
				BF0E80722CD134D4007DD7BE /* PBXTargetDependency */,
			);
			fileSystemSynchronizedGroups = (
				BF0E80732CD134D4007DD7BE /* PlanA TripTests */,
			);
			name = "PlanA TripTests";
			packageProductDependencies = (
			);
			productName = "PlanA TripTests";
			productReference = BF0E80702CD134D4007DD7BE /* PlanA TripTests.xctest */;
			productType = "com.apple.product-type.bundle.unit-test";
		};
		BF0E80792CD134D4007DD7BE /* PlanA TripUITests */ = {
			isa = PBXNativeTarget;
			buildConfigurationList = BF0E808A2CD134D4007DD7BE /* Build configuration list for PBXNativeTarget "PlanA TripUITests" */;
			buildPhases = (
				BF0E80762CD134D4007DD7BE /* Sources */,
				BF0E80772CD134D4007DD7BE /* Frameworks */,
				BF0E80782CD134D4007DD7BE /* Resources */,
			);
			buildRules = (
			);
			dependencies = (
				BF0E807C2CD134D4007DD7BE /* PBXTargetDependency */,
			);
			fileSystemSynchronizedGroups = (
				BF0E807D2CD134D4007DD7BE /* PlanA TripUITests */,
			);
			name = "PlanA TripUITests";
			packageProductDependencies = (
			);
			productName = "PlanA TripUITests";
			productReference = BF0E807A2CD134D4007DD7BE /* PlanA TripUITests.xctest */;
			productType = "com.apple.product-type.bundle.ui-testing";
		};
		BF0E80902CD13C15007DD7BE /* Share Extension */ = {
			isa = PBXNativeTarget;
			buildConfigurationList = BF0E809D2CD13C15007DD7BE /* Build configuration list for PBXNativeTarget "Share Extension" */;
			buildPhases = (
				BF0E808D2CD13C15007DD7BE /* Sources */,
				BF0E808E2CD13C15007DD7BE /* Frameworks */,
				BF0E808F2CD13C15007DD7BE /* Resources */,
			);
			buildRules = (
			);
			dependencies = (
			);
			fileSystemSynchronizedGroups = (
				BF0E80922CD13C15007DD7BE /* Share Extension */,
			);
			name = "Share Extension";
			packageProductDependencies = (
			);
			productName = "Share Extension";
			productReference = BF0E80912CD13C15007DD7BE /* Share Extension.appex */;
			productType = "com.apple.product-type.app-extension";
		};
/* End PBXNativeTarget section */

/* Begin PBXProject section */
		BF0E80562CD134D3007DD7BE /* Project object */ = {
			isa = PBXProject;
			attributes = {
				BuildIndependentTargetsInParallel = 1;
				LastSwiftUpdateCheck = 1600;
				LastUpgradeCheck = 1600;
				TargetAttributes = {
					BF0E805D2CD134D3007DD7BE = {
						CreatedOnToolsVersion = 16.0;
					};
					BF0E806F2CD134D4007DD7BE = {
						CreatedOnToolsVersion = 16.0;
						TestTargetID = BF0E805D2CD134D3007DD7BE;
					};
					BF0E80792CD134D4007DD7BE = {
						CreatedOnToolsVersion = 16.0;
						TestTargetID = BF0E805D2CD134D3007DD7BE;
					};
					BF0E80902CD13C15007DD7BE = {
						CreatedOnToolsVersion = 16.0;
					};
				};
			};
			buildConfigurationList = BF0E80592CD134D3007DD7BE /* Build configuration list for PBXProject "PlanA Trip" */;
			developmentRegion = en;
			hasScannedForEncodings = 0;
			knownRegions = (
				en,
				Base,
			);
			mainGroup = BF0E80552CD134D3007DD7BE;
			minimizedProjectReferenceProxies = 1;
			preferredProjectObjectVersion = 77;
			productRefGroup = BF0E805F2CD134D3007DD7BE /* Products */;
			projectDirPath = "";
			projectRoot = "";
			targets = (
				BF0E805D2CD134D3007DD7BE /* PlanA Trip */,
				BF0E806F2CD134D4007DD7BE /* PlanA TripTests */,
				BF0E80792CD134D4007DD7BE /* PlanA TripUITests */,
				BF0E80902CD13C15007DD7BE /* Share Extension */,
			);
		};
/* End PBXProject section */

/* Begin PBXResourcesBuildPhase section */
		BF0E805C2CD134D3007DD7BE /* Resources */ = {
			isa = PBXResourcesBuildPhase;
			buildActionMask = 2147483647;
			files = (
			);
			runOnlyForDeploymentPostprocessing = 0;
		};
		BF0E806E2CD134D4007DD7BE /* Resources */ = {
			isa = PBXResourcesBuildPhase;
			buildActionMask = 2147483647;
			files = (
			);
			runOnlyForDeploymentPostprocessing = 0;
		};
		BF0E80782CD134D4007DD7BE /* Resources */ = {
			isa = PBXResourcesBuildPhase;
			buildActionMask = 2147483647;
			files = (
			);
			runOnlyForDeploymentPostprocessing = 0;
		};
		BF0E808F2CD13C15007DD7BE /* Resources */ = {
			isa = PBXResourcesBuildPhase;
			buildActionMask = 2147483647;
			files = (
			);
			runOnlyForDeploymentPostprocessing = 0;
		};
/* End PBXResourcesBuildPhase section */

/* Begin PBXSourcesBuildPhase section */
		BF0E805A2CD134D3007DD7BE /* Sources */ = {
			isa = PBXSourcesBuildPhase;
			buildActionMask = 2147483647;
			files = (
			);
			runOnlyForDeploymentPostprocessing = 0;
		};
		BF0E806C2CD134D4007DD7BE /* Sources */ = {
			isa = PBXSourcesBuildPhase;
			buildActionMask = 2147483647;
			files = (
			);
			runOnlyForDeploymentPostprocessing = 0;
		};
		BF0E80762CD134D4007DD7BE /* Sources */ = {
			isa = PBXSourcesBuildPhase;
			buildActionMask = 2147483647;
			files = (
			);
			runOnlyForDeploymentPostprocessing = 0;
		};
		BF0E808D2CD13C15007DD7BE /* Sources */ = {
			isa = PBXSourcesBuildPhase;
			buildActionMask = 2147483647;
			files = (
			);
			runOnlyForDeploymentPostprocessing = 0;
		};
/* End PBXSourcesBuildPhase section */

/* Begin PBXTargetDependency section */
		BF0E80722CD134D4007DD7BE /* PBXTargetDependency */ = {
			isa = PBXTargetDependency;
			target = BF0E805D2CD134D3007DD7BE /* PlanA Trip */;
			targetProxy = BF0E80712CD134D4007DD7BE /* PBXContainerItemProxy */;
		};
		BF0E807C2CD134D4007DD7BE /* PBXTargetDependency */ = {
			isa = PBXTargetDependency;
			target = BF0E805D2CD134D3007DD7BE /* PlanA Trip */;
			targetProxy = BF0E807B2CD134D4007DD7BE /* PBXContainerItemProxy */;
		};
		BF0E809A2CD13C15007DD7BE /* PBXTargetDependency */ = {
			isa = PBXTargetDependency;
			target = BF0E80902CD13C15007DD7BE /* Share Extension */;
			targetProxy = BF0E80992CD13C15007DD7BE /* PBXContainerItemProxy */;
		};
/* End PBXTargetDependency section */

/* Begin XCBuildConfiguration section */
		BF0E80822CD134D4007DD7BE /* Debug */ = {
			isa = XCBuildConfiguration;
			buildSettings = {
				ALWAYS_SEARCH_USER_PATHS = NO;
				ASSETCATALOG_COMPILER_GENERATE_SWIFT_ASSET_SYMBOL_EXTENSIONS = YES;
				CLANG_ANALYZER_NONNULL = YES;
				CLANG_ANALYZER_NUMBER_OBJECT_CONVERSION = YES_AGGRESSIVE;
				CLANG_CXX_LANGUAGE_STANDARD = "gnu++20";
				CLANG_ENABLE_MODULES = YES;
				CLANG_ENABLE_OBJC_ARC = YES;
				CLANG_ENABLE_OBJC_WEAK = YES;
				CLANG_WARN_BLOCK_CAPTURE_AUTORELEASING = YES;
				CLANG_WARN_BOOL_CONVERSION = YES;
				CLANG_WARN_COMMA = YES;
				CLANG_WARN_CONSTANT_CONVERSION = YES;
				CLANG_WARN_DEPRECATED_OBJC_IMPLEMENTATIONS = YES;
				CLANG_WARN_DIRECT_OBJC_ISA_USAGE = YES_ERROR;
				CLANG_WARN_DOCUMENTATION_COMMENTS = YES;
				CLANG_WARN_EMPTY_BODY = YES;
				CLANG_WARN_ENUM_CONVERSION = YES;
				CLANG_WARN_INFINITE_RECURSION = YES;
				CLANG_WARN_INT_CONVERSION = YES;
				CLANG_WARN_NON_LITERAL_NULL_CONVERSION = YES;
				CLANG_WARN_OBJC_IMPLICIT_RETAIN_SELF = YES;
				CLANG_WARN_OBJC_LITERAL_CONVERSION = YES;
				CLANG_WARN_OBJC_ROOT_CLASS = YES_ERROR;
				CLANG_WARN_QUOTED_INCLUDE_IN_FRAMEWORK_HEADER = YES;
				CLANG_WARN_RANGE_LOOP_ANALYSIS = YES;
				CLANG_WARN_STRICT_PROTOTYPES = YES;
				CLANG_WARN_SUSPICIOUS_MOVE = YES;
				CLANG_WARN_UNGUARDED_AVAILABILITY = YES_AGGRESSIVE;
				CLANG_WARN_UNREACHABLE_CODE = YES;
				CLANG_WARN__DUPLICATE_METHOD_MATCH = YES;
				COPY_PHASE_STRIP = NO;
				DEBUG_INFORMATION_FORMAT = dwarf;
				ENABLE_STRICT_OBJC_MSGSEND = YES;
				ENABLE_TESTABILITY = YES;
				ENABLE_USER_SCRIPT_SANDBOXING = YES;
				GCC_C_LANGUAGE_STANDARD = gnu17;
				GCC_DYNAMIC_NO_PIC = NO;
				GCC_NO_COMMON_BLOCKS = YES;
				GCC_OPTIMIZATION_LEVEL = 0;
				GCC_PREPROCESSOR_DEFINITIONS = (
					"DEBUG=1",
					"$(inherited)",
				);
				GCC_WARN_64_TO_32_BIT_CONVERSION = YES;
				GCC_WARN_ABOUT_RETURN_TYPE = YES_ERROR;
				GCC_WARN_UNDECLARED_SELECTOR = YES;
				GCC_WARN_UNINITIALIZED_AUTOS = YES_AGGRESSIVE;
				GCC_WARN_UNUSED_FUNCTION = YES;
				GCC_WARN_UNUSED_VARIABLE = YES;
				IPHONEOS_DEPLOYMENT_TARGET = 18.0;
				LOCALIZATION_PREFERS_STRING_CATALOGS = YES;
				MTL_ENABLE_DEBUG_INFO = INCLUDE_SOURCE;
				MTL_FAST_MATH = YES;
				ONLY_ACTIVE_ARCH = YES;
				SDKROOT = iphoneos;
				SWIFT_ACTIVE_COMPILATION_CONDITIONS = "DEBUG $(inherited)";
				SWIFT_OPTIMIZATION_LEVEL = "-Onone";
			};
			name = Debug;
		};
		BF0E80832CD134D4007DD7BE /* Release */ = {
			isa = XCBuildConfiguration;
			buildSettings = {
				ALWAYS_SEARCH_USER_PATHS = NO;
				ASSETCATALOG_COMPILER_GENERATE_SWIFT_ASSET_SYMBOL_EXTENSIONS = YES;
				CLANG_ANALYZER_NONNULL = YES;
				CLANG_ANALYZER_NUMBER_OBJECT_CONVERSION = YES_AGGRESSIVE;
				CLANG_CXX_LANGUAGE_STANDARD = "gnu++20";
				CLANG_ENABLE_MODULES = YES;
				CLANG_ENABLE_OBJC_ARC = YES;
				CLANG_ENABLE_OBJC_WEAK = YES;
				CLANG_WARN_BLOCK_CAPTURE_AUTORELEASING = YES;
				CLANG_WARN_BOOL_CONVERSION = YES;
				CLANG_WARN_COMMA = YES;
				CLANG_WARN_CONSTANT_CONVERSION = YES;
				CLANG_WARN_DEPRECATED_OBJC_IMPLEMENTATIONS = YES;
				CLANG_WARN_DIRECT_OBJC_ISA_USAGE = YES_ERROR;
				CLANG_WARN_DOCUMENTATION_COMMENTS = YES;
				CLANG_WARN_EMPTY_BODY = YES;
				CLANG_WARN_ENUM_CONVERSION = YES;
				CLANG_WARN_INFINITE_RECURSION = YES;
				CLANG_WARN_INT_CONVERSION = YES;
				CLANG_WARN_NON_LITERAL_NULL_CONVERSION = YES;
				CLANG_WARN_OBJC_IMPLICIT_RETAIN_SELF = YES;
				CLANG_WARN_OBJC_LITERAL_CONVERSION = YES;
				CLANG_WARN_OBJC_ROOT_CLASS = YES_ERROR;
				CLANG_WARN_QUOTED_INCLUDE_IN_FRAMEWORK_HEADER = YES;
				CLANG_WARN_RANGE_LOOP_ANALYSIS = YES;
				CLANG_WARN_STRICT_PROTOTYPES = YES;
				CLANG_WARN_SUSPICIOUS_MOVE = YES;
				CLANG_WARN_UNGUARDED_AVAILABILITY = YES_AGGRESSIVE;
				CLANG_WARN_UNREACHABLE_CODE = YES;
				CLANG_WARN__DUPLICATE_METHOD_MATCH = YES;
				COPY_PHASE_STRIP = NO;
				DEBUG_INFORMATION_FORMAT = "dwarf-with-dsym";
				ENABLE_NS_ASSERTIONS = NO;
				ENABLE_STRICT_OBJC_MSGSEND = YES;
				ENABLE_USER_SCRIPT_SANDBOXING = YES;
				GCC_C_LANGUAGE_STANDARD = gnu17;
				GCC_NO_COMMON_BLOCKS = YES;
				GCC_WARN_64_TO_32_BIT_CONVERSION = YES;
				GCC_WARN_ABOUT_RETURN_TYPE = YES_ERROR;
				GCC_WARN_UNDECLARED_SELECTOR = YES;
				GCC_WARN_UNINITIALIZED_AUTOS = YES_AGGRESSIVE;
				GCC_WARN_UNUSED_FUNCTION = YES;
				GCC_WARN_UNUSED_VARIABLE = YES;
				IPHONEOS_DEPLOYMENT_TARGET = 18.0;
				LOCALIZATION_PREFERS_STRING_CATALOGS = YES;
				MTL_ENABLE_DEBUG_INFO = NO;
				MTL_FAST_MATH = YES;
				SDKROOT = iphoneos;
				SWIFT_COMPILATION_MODE = wholemodule;
				VALIDATE_PRODUCT = YES;
			};
			name = Release;
		};
		BF0E80852CD134D4007DD7BE /* Debug */ = {
			isa = XCBuildConfiguration;
			buildSettings = {
				ASSETCATALOG_COMPILER_APPICON_NAME = AppIcon;
				ASSETCATALOG_COMPILER_GLOBAL_ACCENT_COLOR_NAME = AccentColor;
				CODE_SIGN_ENTITLEMENTS = "PlanA Trip/PlanA Trip.entitlements";
				CODE_SIGN_STYLE = Automatic;
				CURRENT_PROJECT_VERSION = 1;
				DEVELOPMENT_ASSET_PATHS = "\"PlanA Trip/Preview Content\"";
				DEVELOPMENT_TEAM = BMZMVWGL7D;
				ENABLE_PREVIEWS = YES;
				GENERATE_INFOPLIST_FILE = YES;
				INFOPLIST_KEY_UIApplicationSceneManifest_Generation = YES;
				INFOPLIST_KEY_UIApplicationSupportsIndirectInputEvents = YES;
				INFOPLIST_KEY_UILaunchScreen_Generation = YES;
				INFOPLIST_KEY_UISupportedInterfaceOrientations_iPad = "UIInterfaceOrientationPortrait UIInterfaceOrientationPortraitUpsideDown UIInterfaceOrientationLandscapeLeft UIInterfaceOrientationLandscapeRight";
				INFOPLIST_KEY_UISupportedInterfaceOrientations_iPhone = "UIInterfaceOrientationPortrait UIInterfaceOrientationLandscapeLeft UIInterfaceOrientationLandscapeRight";
				IPHONEOS_DEPLOYMENT_TARGET = 17;
				LD_RUNPATH_SEARCH_PATHS = (
					"$(inherited)",
					"@executable_path/Frameworks",
				);
				MARKETING_VERSION = 1.0;
				PRODUCT_BUNDLE_IDENTIFIER = "com.PlanA-Trip";
				PRODUCT_NAME = "$(TARGET_NAME)";
				SWIFT_EMIT_LOC_STRINGS = YES;
				SWIFT_VERSION = 5.0;
				TARGETED_DEVICE_FAMILY = "1,2";
			};
			name = Debug;
		};
		BF0E80862CD134D4007DD7BE /* Release */ = {
			isa = XCBuildConfiguration;
			buildSettings = {
				ASSETCATALOG_COMPILER_APPICON_NAME = AppIcon;
				ASSETCATALOG_COMPILER_GLOBAL_ACCENT_COLOR_NAME = AccentColor;
				CODE_SIGN_ENTITLEMENTS = "PlanA Trip/PlanA Trip.entitlements";
				CODE_SIGN_STYLE = Automatic;
				CURRENT_PROJECT_VERSION = 1;
				DEVELOPMENT_ASSET_PATHS = "\"PlanA Trip/Preview Content\"";
				DEVELOPMENT_TEAM = BMZMVWGL7D;
				ENABLE_PREVIEWS = YES;
				GENERATE_INFOPLIST_FILE = YES;
				INFOPLIST_KEY_UIApplicationSceneManifest_Generation = YES;
				INFOPLIST_KEY_UIApplicationSupportsIndirectInputEvents = YES;
				INFOPLIST_KEY_UILaunchScreen_Generation = YES;
				INFOPLIST_KEY_UISupportedInterfaceOrientations_iPad = "UIInterfaceOrientationPortrait UIInterfaceOrientationPortraitUpsideDown UIInterfaceOrientationLandscapeLeft UIInterfaceOrientationLandscapeRight";
				INFOPLIST_KEY_UISupportedInterfaceOrientations_iPhone = "UIInterfaceOrientationPortrait UIInterfaceOrientationLandscapeLeft UIInterfaceOrientationLandscapeRight";
				IPHONEOS_DEPLOYMENT_TARGET = 17;
				LD_RUNPATH_SEARCH_PATHS = (
					"$(inherited)",
					"@executable_path/Frameworks",
				);
				MARKETING_VERSION = 1.0;
				PRODUCT_BUNDLE_IDENTIFIER = "com.PlanA-Trip";
				PRODUCT_NAME = "$(TARGET_NAME)";
				SWIFT_EMIT_LOC_STRINGS = YES;
				SWIFT_VERSION = 5.0;
				TARGETED_DEVICE_FAMILY = "1,2";
			};
			name = Release;
		};
		BF0E80882CD134D4007DD7BE /* Debug */ = {
			isa = XCBuildConfiguration;
			buildSettings = {
				BUNDLE_LOADER = "$(TEST_HOST)";
				CODE_SIGN_STYLE = Automatic;
				CURRENT_PROJECT_VERSION = 1;
				GENERATE_INFOPLIST_FILE = YES;
				IPHONEOS_DEPLOYMENT_TARGET = 18.0;
				MARKETING_VERSION = 1.0;
				PRODUCT_BUNDLE_IDENTIFIER = "com.PlanA-TripTests";
				PRODUCT_NAME = "$(TARGET_NAME)";
				SWIFT_EMIT_LOC_STRINGS = NO;
				SWIFT_VERSION = 5.0;
				TARGETED_DEVICE_FAMILY = "1,2";
				TEST_HOST = "$(BUILT_PRODUCTS_DIR)/PlanA Trip.app/$(BUNDLE_EXECUTABLE_FOLDER_PATH)/PlanA Trip";
			};
			name = Debug;
		};
		BF0E80892CD134D4007DD7BE /* Release */ = {
			isa = XCBuildConfiguration;
			buildSettings = {
				BUNDLE_LOADER = "$(TEST_HOST)";
				CODE_SIGN_STYLE = Automatic;
				CURRENT_PROJECT_VERSION = 1;
				GENERATE_INFOPLIST_FILE = YES;
				IPHONEOS_DEPLOYMENT_TARGET = 18.0;
				MARKETING_VERSION = 1.0;
				PRODUCT_BUNDLE_IDENTIFIER = "com.PlanA-TripTests";
				PRODUCT_NAME = "$(TARGET_NAME)";
				SWIFT_EMIT_LOC_STRINGS = NO;
				SWIFT_VERSION = 5.0;
				TARGETED_DEVICE_FAMILY = "1,2";
				TEST_HOST = "$(BUILT_PRODUCTS_DIR)/PlanA Trip.app/$(BUNDLE_EXECUTABLE_FOLDER_PATH)/PlanA Trip";
			};
			name = Release;
		};
		BF0E808B2CD134D4007DD7BE /* Debug */ = {
			isa = XCBuildConfiguration;
			buildSettings = {
				CODE_SIGN_STYLE = Automatic;
				CURRENT_PROJECT_VERSION = 1;
				GENERATE_INFOPLIST_FILE = YES;
				MARKETING_VERSION = 1.0;
				PRODUCT_BUNDLE_IDENTIFIER = "com.PlanA-TripUITests";
				PRODUCT_NAME = "$(TARGET_NAME)";
				SWIFT_EMIT_LOC_STRINGS = NO;
				SWIFT_VERSION = 5.0;
				TARGETED_DEVICE_FAMILY = "1,2";
				TEST_TARGET_NAME = "PlanA Trip";
			};
			name = Debug;
		};
		BF0E808C2CD134D4007DD7BE /* Release */ = {
			isa = XCBuildConfiguration;
			buildSettings = {
				CODE_SIGN_STYLE = Automatic;
				CURRENT_PROJECT_VERSION = 1;
				GENERATE_INFOPLIST_FILE = YES;
				MARKETING_VERSION = 1.0;
				PRODUCT_BUNDLE_IDENTIFIER = "com.PlanA-TripUITests";
				PRODUCT_NAME = "$(TARGET_NAME)";
				SWIFT_EMIT_LOC_STRINGS = NO;
				SWIFT_VERSION = 5.0;
				TARGETED_DEVICE_FAMILY = "1,2";
				TEST_TARGET_NAME = "PlanA Trip";
			};
			name = Release;
		};
		BF0E809E2CD13C15007DD7BE /* Debug */ = {
			isa = XCBuildConfiguration;
			buildSettings = {
				CODE_SIGN_ENTITLEMENTS = "Share Extension/Share Extension.entitlements";
				CODE_SIGN_STYLE = Automatic;
				CURRENT_PROJECT_VERSION = 1;
				DEVELOPMENT_TEAM = BMZMVWGL7D;
				GENERATE_INFOPLIST_FILE = YES;
				INFOPLIST_FILE = "Share Extension/Info.plist";
				INFOPLIST_KEY_CFBundleDisplayName = "Share Extension";
				INFOPLIST_KEY_NSHumanReadableCopyright = "";
				IPHONEOS_DEPLOYMENT_TARGET = 17;
				LD_RUNPATH_SEARCH_PATHS = (
					"$(inherited)",
					"@executable_path/Frameworks",
					"@executable_path/../../Frameworks",
				);
				MARKETING_VERSION = 1.0;
				PRODUCT_BUNDLE_IDENTIFIER = "com.PlanA-Trip.Share-Extension";
				PRODUCT_NAME = "$(TARGET_NAME)";
				SKIP_INSTALL = YES;
				SWIFT_EMIT_LOC_STRINGS = YES;
				SWIFT_VERSION = 5.0;
				TARGETED_DEVICE_FAMILY = "1,2";
			};
			name = Debug;
		};
		BF0E809F2CD13C15007DD7BE /* Release */ = {
			isa = XCBuildConfiguration;
			buildSettings = {
				CODE_SIGN_ENTITLEMENTS = "Share Extension/Share Extension.entitlements";
				CODE_SIGN_STYLE = Automatic;
				CURRENT_PROJECT_VERSION = 1;
				DEVELOPMENT_TEAM = BMZMVWGL7D;
				GENERATE_INFOPLIST_FILE = YES;
				INFOPLIST_FILE = "Share Extension/Info.plist";
				INFOPLIST_KEY_CFBundleDisplayName = "Share Extension";
				INFOPLIST_KEY_NSHumanReadableCopyright = "";
				IPHONEOS_DEPLOYMENT_TARGET = 17;
				LD_RUNPATH_SEARCH_PATHS = (
					"$(inherited)",
					"@executable_path/Frameworks",
					"@executable_path/../../Frameworks",
				);
				MARKETING_VERSION = 1.0;
				PRODUCT_BUNDLE_IDENTIFIER = "com.PlanA-Trip.Share-Extension";
				PRODUCT_NAME = "$(TARGET_NAME)";
				SKIP_INSTALL = YES;
				SWIFT_EMIT_LOC_STRINGS = YES;
				SWIFT_VERSION = 5.0;
				TARGETED_DEVICE_FAMILY = "1,2";
			};
			name = Release;
		};
/* End XCBuildConfiguration section */

/* Begin XCConfigurationList section */
		BF0E80592CD134D3007DD7BE /* Build configuration list for PBXProject "PlanA Trip" */ = {
			isa = XCConfigurationList;
			buildConfigurations = (
				BF0E80822CD134D4007DD7BE /* Debug */,
				BF0E80832CD134D4007DD7BE /* Release */,
			);
			defaultConfigurationIsVisible = 0;
			defaultConfigurationName = Release;
		};
		BF0E80842CD134D4007DD7BE /* Build configuration list for PBXNativeTarget "PlanA Trip" */ = {
			isa = XCConfigurationList;
			buildConfigurations = (
				BF0E80852CD134D4007DD7BE /* Debug */,
				BF0E80862CD134D4007DD7BE /* Release */,
			);
			defaultConfigurationIsVisible = 0;
			defaultConfigurationName = Release;
		};
		BF0E80872CD134D4007DD7BE /* Build configuration list for PBXNativeTarget "PlanA TripTests" */ = {
			isa = XCConfigurationList;
			buildConfigurations = (
				BF0E80882CD134D4007DD7BE /* Debug */,
				BF0E80892CD134D4007DD7BE /* Release */,
			);
			defaultConfigurationIsVisible = 0;
			defaultConfigurationName = Release;
		};
		BF0E808A2CD134D4007DD7BE /* Build configuration list for PBXNativeTarget "PlanA TripUITests" */ = {
			isa = XCConfigurationList;
			buildConfigurations = (
				BF0E808B2CD134D4007DD7BE /* Debug */,
				BF0E808C2CD134D4007DD7BE /* Release */,
			);
			defaultConfigurationIsVisible = 0;
			defaultConfigurationName = Release;
		};
		BF0E809D2CD13C15007DD7BE /* Build configuration list for PBXNativeTarget "Share Extension" */ = {
			isa = XCConfigurationList;
			buildConfigurations = (
				BF0E809E2CD13C15007DD7BE /* Debug */,
				BF0E809F2CD13C15007DD7BE /* Release */,
			);
			defaultConfigurationIsVisible = 0;
			defaultConfigurationName = Release;
		};
/* End XCConfigurationList section */
	};
	rootObject = BF0E80562CD134D3007DD7BE /* Project object */;
}
